// !$*UTF8*$!
{
	archiveVersion = 1;
	classes = {
	};
	objectVersion = 56;
	objects = {

/* Begin PBXBuildFile section */
		556F224B2B1DA9CB00E35992 /* AppDelegate.swift in Sources */ = {isa = PBXBuildFile; fileRef = 556F224A2B1DA9CB00E35992 /* AppDelegate.swift */; };
		556F224D2B1DA9CB00E35992 /* SceneDelegate.swift in Sources */ = {isa = PBXBuildFile; fileRef = 556F224C2B1DA9CB00E35992 /* SceneDelegate.swift */; };
		556F224F2B1DA9CB00E35992 /* ViewController.swift in Sources */ = {isa = PBXBuildFile; fileRef = 556F224E2B1DA9CB00E35992 /* ViewController.swift */; };
		556F22522B1DA9CB00E35992 /* Main.storyboard in Resources */ = {isa = PBXBuildFile; fileRef = 556F22502B1DA9CB00E35992 /* Main.storyboard */; };
		556F22542B1DA9CC00E35992 /* Assets.xcassets in Resources */ = {isa = PBXBuildFile; fileRef = 556F22532B1DA9CC00E35992 /* Assets.xcassets */; };
		556F22572B1DA9CC00E35992 /* LaunchScreen.storyboard in Resources */ = {isa = PBXBuildFile; fileRef = 556F22552B1DA9CC00E35992 /* LaunchScreen.storyboard */; };
		556F225F2B1DAA9D00E35992 /* ViewModel.swift in Sources */ = {isa = PBXBuildFile; fileRef = 556F225E2B1DAA9D00E35992 /* ViewModel.swift */; };
		556F22672B1DAF0000E35992 /* ci_cdTests.swift in Sources */ = {isa = PBXBuildFile; fileRef = 556F22662B1DAF0000E35992 /* ci_cdTests.swift */; };
/* End PBXBuildFile section */

/* Begin PBXContainerItemProxy section */
		556F22682B1DAF0000E35992 /* PBXContainerItemProxy */ = {
			isa = PBXContainerItemProxy;
			containerPortal = 556F223F2B1DA9CB00E35992 /* Project object */;
			proxyType = 1;
			remoteGlobalIDString = 556F22462B1DA9CB00E35992;
			remoteInfo = ci_cd;
		};
/* End PBXContainerItemProxy section */

/* Begin PBXFileReference section */
		556F22472B1DA9CB00E35992 /* ci_cd.app */ = {isa = PBXFileReference; explicitFileType = wrapper.application; includeInIndex = 0; path = ci_cd.app; sourceTree = BUILT_PRODUCTS_DIR; };
		556F224A2B1DA9CB00E35992 /* AppDelegate.swift */ = {isa = PBXFileReference; lastKnownFileType = sourcecode.swift; path = AppDelegate.swift; sourceTree = "<group>"; };
		556F224C2B1DA9CB00E35992 /* SceneDelegate.swift */ = {isa = PBXFileReference; lastKnownFileType = sourcecode.swift; path = SceneDelegate.swift; sourceTree = "<group>"; };
		556F224E2B1DA9CB00E35992 /* ViewController.swift */ = {isa = PBXFileReference; lastKnownFileType = sourcecode.swift; path = ViewController.swift; sourceTree = "<group>"; };
		556F22512B1DA9CB00E35992 /* Base */ = {isa = PBXFileReference; lastKnownFileType = file.storyboard; name = Base; path = Base.lproj/Main.storyboard; sourceTree = "<group>"; };
		556F22532B1DA9CC00E35992 /* Assets.xcassets */ = {isa = PBXFileReference; lastKnownFileType = folder.assetcatalog; path = Assets.xcassets; sourceTree = "<group>"; };
		556F22562B1DA9CC00E35992 /* Base */ = {isa = PBXFileReference; lastKnownFileType = file.storyboard; name = Base; path = Base.lproj/LaunchScreen.storyboard; sourceTree = "<group>"; };
		556F22582B1DA9CC00E35992 /* Info.plist */ = {isa = PBXFileReference; lastKnownFileType = text.plist.xml; path = Info.plist; sourceTree = "<group>"; };
		556F225E2B1DAA9D00E35992 /* ViewModel.swift */ = {isa = PBXFileReference; lastKnownFileType = sourcecode.swift; path = ViewModel.swift; sourceTree = "<group>"; };
		556F22642B1DAF0000E35992 /* ci_cdTests.xctest */ = {isa = PBXFileReference; explicitFileType = wrapper.cfbundle; includeInIndex = 0; path = ci_cdTests.xctest; sourceTree = BUILT_PRODUCTS_DIR; };
		556F22662B1DAF0000E35992 /* ci_cdTests.swift */ = {isa = PBXFileReference; lastKnownFileType = sourcecode.swift; path = ci_cdTests.swift; sourceTree = "<group>"; };
		556F226D2B1DB23D00E35992 /* ci_cd.xctestplan */ = {isa = PBXFileReference; lastKnownFileType = text; path = ci_cd.xctestplan; sourceTree = "<group>"; };
/* End PBXFileReference section */

/* Begin PBXFrameworksBuildPhase section */
		556F22442B1DA9CB00E35992 /* Frameworks */ = {
			isa = PBXFrameworksBuildPhase;
			buildActionMask = 2147483647;
			files = (
			);
			runOnlyForDeploymentPostprocessing = 0;
		};
		556F22612B1DAF0000E35992 /* Frameworks */ = {
			isa = PBXFrameworksBuildPhase;
			buildActionMask = 2147483647;
			files = (
			);
			runOnlyForDeploymentPostprocessing = 0;
		};
/* End PBXFrameworksBuildPhase section */

/* Begin PBXGroup section */
		556F223E2B1DA9CB00E35992 = {
			isa = PBXGroup;
			children = (
				556F226D2B1DB23D00E35992 /* ci_cd.xctestplan */,
				556F22492B1DA9CB00E35992 /* ci_cd */,
				556F22652B1DAF0000E35992 /* ci_cdTests */,
				556F22482B1DA9CB00E35992 /* Products */,
			);
			sourceTree = "<group>";
		};
		556F22482B1DA9CB00E35992 /* Products */ = {
			isa = PBXGroup;
			children = (
				556F22472B1DA9CB00E35992 /* ci_cd.app */,
				556F22642B1DAF0000E35992 /* ci_cdTests.xctest */,
			);
			name = Products;
			sourceTree = "<group>";
		};
		556F22492B1DA9CB00E35992 /* ci_cd */ = {
			isa = PBXGroup;
			children = (
				556F224A2B1DA9CB00E35992 /* AppDelegate.swift */,
				556F224C2B1DA9CB00E35992 /* SceneDelegate.swift */,
				556F224E2B1DA9CB00E35992 /* ViewController.swift */,
				556F225E2B1DAA9D00E35992 /* ViewModel.swift */,
				556F22502B1DA9CB00E35992 /* Main.storyboard */,
				556F22532B1DA9CC00E35992 /* Assets.xcassets */,
				556F22552B1DA9CC00E35992 /* LaunchScreen.storyboard */,
				556F22582B1DA9CC00E35992 /* Info.plist */,
			);
			path = ci_cd;
			sourceTree = "<group>";
		};
		556F22652B1DAF0000E35992 /* ci_cdTests */ = {
			isa = PBXGroup;
			children = (
				556F22662B1DAF0000E35992 /* ci_cdTests.swift */,
			);
			path = ci_cdTests;
			sourceTree = "<group>";
		};
/* End PBXGroup section */

/* Begin PBXNativeTarget section */
		556F22462B1DA9CB00E35992 /* ci_cd */ = {
			isa = PBXNativeTarget;
			buildConfigurationList = 556F225B2B1DA9CC00E35992 /* Build configuration list for PBXNativeTarget "ci_cd" */;
			buildPhases = (
				556F22432B1DA9CB00E35992 /* Sources */,
				556F22442B1DA9CB00E35992 /* Frameworks */,
				556F22452B1DA9CB00E35992 /* Resources */,
			);
			buildRules = (
			);
			dependencies = (
			);
			name = ci_cd;
			productName = ci_cd;
			productReference = 556F22472B1DA9CB00E35992 /* ci_cd.app */;
			productType = "com.apple.product-type.application";
		};
		556F22632B1DAF0000E35992 /* ci_cdTests */ = {
			isa = PBXNativeTarget;
			buildConfigurationList = 556F226A2B1DAF0000E35992 /* Build configuration list for PBXNativeTarget "ci_cdTests" */;
			buildPhases = (
				556F22602B1DAF0000E35992 /* Sources */,
				556F22612B1DAF0000E35992 /* Frameworks */,
				556F22622B1DAF0000E35992 /* Resources */,
			);
			buildRules = (
			);
			dependencies = (
				556F22692B1DAF0000E35992 /* PBXTargetDependency */,
			);
			name = ci_cdTests;
			productName = ci_cdTests;
			productReference = 556F22642B1DAF0000E35992 /* ci_cdTests.xctest */;
			productType = "com.apple.product-type.bundle.unit-test";
		};
/* End PBXNativeTarget section */

/* Begin PBXProject section */
		556F223F2B1DA9CB00E35992 /* Project object */ = {
			isa = PBXProject;
			attributes = {
				BuildIndependentTargetsInParallel = 1;
				LastSwiftUpdateCheck = 1500;
				LastUpgradeCheck = 1500;
				TargetAttributes = {
					556F22462B1DA9CB00E35992 = {
						CreatedOnToolsVersion = 15.0.1;
					};
					556F22632B1DAF0000E35992 = {
						CreatedOnToolsVersion = 15.0.1;
						TestTargetID = 556F22462B1DA9CB00E35992;
					};
				};
			};
			buildConfigurationList = 556F22422B1DA9CB00E35992 /* Build configuration list for PBXProject "ci_cd" */;
			compatibilityVersion = "Xcode 14.0";
			developmentRegion = en;
			hasScannedForEncodings = 0;
			knownRegions = (
				en,
				Base,
			);
			mainGroup = 556F223E2B1DA9CB00E35992;
			productRefGroup = 556F22482B1DA9CB00E35992 /* Products */;
			projectDirPath = "";
			projectRoot = "";
			targets = (
				556F22462B1DA9CB00E35992 /* ci_cd */,
				556F22632B1DAF0000E35992 /* ci_cdTests */,
			);
		};
/* End PBXProject section */

/* Begin PBXResourcesBuildPhase section */
		556F22452B1DA9CB00E35992 /* Resources */ = {
			isa = PBXResourcesBuildPhase;
			buildActionMask = 2147483647;
			files = (
				556F22572B1DA9CC00E35992 /* LaunchScreen.storyboard in Resources */,
				556F22542B1DA9CC00E35992 /* Assets.xcassets in Resources */,
				556F22522B1DA9CB00E35992 /* Main.storyboard in Resources */,
			);
			runOnlyForDeploymentPostprocessing = 0;
		};
		556F22622B1DAF0000E35992 /* Resources */ = {
			isa = PBXResourcesBuildPhase;
			buildActionMask = 2147483647;
			files = (
			);
			runOnlyForDeploymentPostprocessing = 0;
		};
/* End PBXResourcesBuildPhase section */

/* Begin PBXSourcesBuildPhase section */
		556F22432B1DA9CB00E35992 /* Sources */ = {
			isa = PBXSourcesBuildPhase;
			buildActionMask = 2147483647;
			files = (
				556F224F2B1DA9CB00E35992 /* ViewController.swift in Sources */,
				556F224B2B1DA9CB00E35992 /* AppDelegate.swift in Sources */,
				556F225F2B1DAA9D00E35992 /* ViewModel.swift in Sources */,
				556F224D2B1DA9CB00E35992 /* SceneDelegate.swift in Sources */,
			);
			runOnlyForDeploymentPostprocessing = 0;
		};
		556F22602B1DAF0000E35992 /* Sources */ = {
			isa = PBXSourcesBuildPhase;
			buildActionMask = 2147483647;
			files = (
				556F22672B1DAF0000E35992 /* ci_cdTests.swift in Sources */,
			);
			runOnlyForDeploymentPostprocessing = 0;
		};
/* End PBXSourcesBuildPhase section */

/* Begin PBXTargetDependency section */
		556F22692B1DAF0000E35992 /* PBXTargetDependency */ = {
			isa = PBXTargetDependency;
			target = 556F22462B1DA9CB00E35992 /* ci_cd */;
			targetProxy = 556F22682B1DAF0000E35992 /* PBXContainerItemProxy */;
		};
/* End PBXTargetDependency section */

/* Begin PBXVariantGroup section */
		556F22502B1DA9CB00E35992 /* Main.storyboard */ = {
			isa = PBXVariantGroup;
			children = (
				556F22512B1DA9CB00E35992 /* Base */,
			);
			name = Main.storyboard;
			sourceTree = "<group>";
		};
		556F22552B1DA9CC00E35992 /* LaunchScreen.storyboard */ = {
			isa = PBXVariantGroup;
			children = (
				556F22562B1DA9CC00E35992 /* Base */,
			);
			name = LaunchScreen.storyboard;
			sourceTree = "<group>";
		};
/* End PBXVariantGroup section */

/* Begin XCBuildConfiguration section */
		556F22592B1DA9CC00E35992 /* Debug */ = {
			isa = XCBuildConfiguration;
			buildSettings = {
				ALWAYS_SEARCH_USER_PATHS = NO;
				ASSETCATALOG_COMPILER_GENERATE_SWIFT_ASSET_SYMBOL_EXTENSIONS = YES;
				CLANG_ANALYZER_NONNULL = YES;
				CLANG_ANALYZER_NUMBER_OBJECT_CONVERSION = YES_AGGRESSIVE;
				CLANG_CXX_LANGUAGE_STANDARD = "gnu++20";
				CLANG_ENABLE_MODULES = YES;
				CLANG_ENABLE_OBJC_ARC = YES;
				CLANG_ENABLE_OBJC_WEAK = YES;
				CLANG_WARN_BLOCK_CAPTURE_AUTORELEASING = YES;
				CLANG_WARN_BOOL_CONVERSION = YES;
				CLANG_WARN_COMMA = YES;
				CLANG_WARN_CONSTANT_CONVERSION = YES;
				CLANG_WARN_DEPRECATED_OBJC_IMPLEMENTATIONS = YES;
				CLANG_WARN_DIRECT_OBJC_ISA_USAGE = YES_ERROR;
				CLANG_WARN_DOCUMENTATION_COMMENTS = YES;
				CLANG_WARN_EMPTY_BODY = YES;
				CLANG_WARN_ENUM_CONVERSION = YES;
				CLANG_WARN_INFINITE_RECURSION = YES;
				CLANG_WARN_INT_CONVERSION = YES;
				CLANG_WARN_NON_LITERAL_NULL_CONVERSION = YES;
				CLANG_WARN_OBJC_IMPLICIT_RETAIN_SELF = YES;
				CLANG_WARN_OBJC_LITERAL_CONVERSION = YES;
				CLANG_WARN_OBJC_ROOT_CLASS = YES_ERROR;
				CLANG_WARN_QUOTED_INCLUDE_IN_FRAMEWORK_HEADER = YES;
				CLANG_WARN_RANGE_LOOP_ANALYSIS = YES;
				CLANG_WARN_STRICT_PROTOTYPES = YES;
				CLANG_WARN_SUSPICIOUS_MOVE = YES;
				CLANG_WARN_UNGUARDED_AVAILABILITY = YES_AGGRESSIVE;
				CLANG_WARN_UNREACHABLE_CODE = YES;
				CLANG_WARN__DUPLICATE_METHOD_MATCH = YES;
				COPY_PHASE_STRIP = NO;
				DEBUG_INFORMATION_FORMAT = dwarf;
				ENABLE_STRICT_OBJC_MSGSEND = YES;
				ENABLE_TESTABILITY = YES;
				ENABLE_USER_SCRIPT_SANDBOXING = YES;
				GCC_C_LANGUAGE_STANDARD = gnu17;
				GCC_DYNAMIC_NO_PIC = NO;
				GCC_NO_COMMON_BLOCKS = YES;
				GCC_OPTIMIZATION_LEVEL = 0;
				GCC_PREPROCESSOR_DEFINITIONS = (
					"DEBUG=1",
					"$(inherited)",
				);
				GCC_WARN_64_TO_32_BIT_CONVERSION = YES;
				GCC_WARN_ABOUT_RETURN_TYPE = YES_ERROR;
				GCC_WARN_UNDECLARED_SELECTOR = YES;
				GCC_WARN_UNINITIALIZED_AUTOS = YES_AGGRESSIVE;
				GCC_WARN_UNUSED_FUNCTION = YES;
				GCC_WARN_UNUSED_VARIABLE = YES;
				IPHONEOS_DEPLOYMENT_TARGET = 15.0;
				LOCALIZATION_PREFERS_STRING_CATALOGS = YES;
				MTL_ENABLE_DEBUG_INFO = INCLUDE_SOURCE;
				MTL_FAST_MATH = YES;
				ONLY_ACTIVE_ARCH = YES;
				SDKROOT = iphoneos;
				SWIFT_ACTIVE_COMPILATION_CONDITIONS = "DEBUG $(inherited)";
				SWIFT_OPTIMIZATION_LEVEL = "-Onone";
			};
			name = Debug;
		};
		556F225A2B1DA9CC00E35992 /* Release */ = {
			isa = XCBuildConfiguration;
			buildSettings = {
				ALWAYS_SEARCH_USER_PATHS = NO;
				ASSETCATALOG_COMPILER_GENERATE_SWIFT_ASSET_SYMBOL_EXTENSIONS = YES;
				CLANG_ANALYZER_NONNULL = YES;
				CLANG_ANALYZER_NUMBER_OBJECT_CONVERSION = YES_AGGRESSIVE;
				CLANG_CXX_LANGUAGE_STANDARD = "gnu++20";
				CLANG_ENABLE_MODULES = YES;
				CLANG_ENABLE_OBJC_ARC = YES;
				CLANG_ENABLE_OBJC_WEAK = YES;
				CLANG_WARN_BLOCK_CAPTURE_AUTORELEASING = YES;
				CLANG_WARN_BOOL_CONVERSION = YES;
				CLANG_WARN_COMMA = YES;
				CLANG_WARN_CONSTANT_CONVERSION = YES;
				CLANG_WARN_DEPRECATED_OBJC_IMPLEMENTATIONS = YES;
				CLANG_WARN_DIRECT_OBJC_ISA_USAGE = YES_ERROR;
				CLANG_WARN_DOCUMENTATION_COMMENTS = YES;
				CLANG_WARN_EMPTY_BODY = YES;
				CLANG_WARN_ENUM_CONVERSION = YES;
				CLANG_WARN_INFINITE_RECURSION = YES;
				CLANG_WARN_INT_CONVERSION = YES;
				CLANG_WARN_NON_LITERAL_NULL_CONVERSION = YES;
				CLANG_WARN_OBJC_IMPLICIT_RETAIN_SELF = YES;
				CLANG_WARN_OBJC_LITERAL_CONVERSION = YES;
				CLANG_WARN_OBJC_ROOT_CLASS = YES_ERROR;
				CLANG_WARN_QUOTED_INCLUDE_IN_FRAMEWORK_HEADER = YES;
				CLANG_WARN_RANGE_LOOP_ANALYSIS = YES;
				CLANG_WARN_STRICT_PROTOTYPES = YES;
				CLANG_WARN_SUSPICIOUS_MOVE = YES;
				CLANG_WARN_UNGUARDED_AVAILABILITY = YES_AGGRESSIVE;
				CLANG_WARN_UNREACHABLE_CODE = YES;
				CLANG_WARN__DUPLICATE_METHOD_MATCH = YES;
				COPY_PHASE_STRIP = NO;
				DEBUG_INFORMATION_FORMAT = "dwarf-with-dsym";
				ENABLE_NS_ASSERTIONS = NO;
				ENABLE_STRICT_OBJC_MSGSEND = YES;
				ENABLE_USER_SCRIPT_SANDBOXING = YES;
				GCC_C_LANGUAGE_STANDARD = gnu17;
				GCC_NO_COMMON_BLOCKS = YES;
				GCC_WARN_64_TO_32_BIT_CONVERSION = YES;
				GCC_WARN_ABOUT_RETURN_TYPE = YES_ERROR;
				GCC_WARN_UNDECLARED_SELECTOR = YES;
				GCC_WARN_UNINITIALIZED_AUTOS = YES_AGGRESSIVE;
				GCC_WARN_UNUSED_FUNCTION = YES;
				GCC_WARN_UNUSED_VARIABLE = YES;
				IPHONEOS_DEPLOYMENT_TARGET = 15.0;
				LOCALIZATION_PREFERS_STRING_CATALOGS = YES;
				MTL_ENABLE_DEBUG_INFO = NO;
				MTL_FAST_MATH = YES;
				SDKROOT = iphoneos;
				SWIFT_COMPILATION_MODE = wholemodule;
				VALIDATE_PRODUCT = YES;
			};
			name = Release;
		};
		556F225C2B1DA9CC00E35992 /* Debug */ = {
			isa = XCBuildConfiguration;
			buildSettings = {
				ASSETCATALOG_COMPILER_APPICON_NAME = AppIcon;
				ASSETCATALOG_COMPILER_GLOBAL_ACCENT_COLOR_NAME = AccentColor;
				CODE_SIGN_STYLE = Automatic;
				CURRENT_PROJECT_VERSION = 1;
				DEVELOPMENT_TEAM = VJ2VF4KUF7;
				GENERATE_INFOPLIST_FILE = YES;
				INFOPLIST_FILE = ci_cd/Info.plist;
				INFOPLIST_KEY_UIApplicationSupportsIndirectInputEvents = YES;
				INFOPLIST_KEY_UILaunchStoryboardName = LaunchScreen;
				INFOPLIST_KEY_UIMainStoryboardFile = Main;
				INFOPLIST_KEY_UISupportedInterfaceOrientations_iPad = "UIInterfaceOrientationPortrait UIInterfaceOrientationPortraitUpsideDown UIInterfaceOrientationLandscapeLeft UIInterfaceOrientationLandscapeRight";
				INFOPLIST_KEY_UISupportedInterfaceOrientations_iPhone = "UIInterfaceOrientationPortrait UIInterfaceOrientationLandscapeLeft UIInterfaceOrientationLandscapeRight";
				IPHONEOS_DEPLOYMENT_TARGET = 15.0;
				LD_RUNPATH_SEARCH_PATHS = (
					"$(inherited)",
					"@executable_path/Frameworks",
				);
				MARKETING_VERSION = 1.0;
				PRODUCT_BUNDLE_IDENTIFIER = "com.Jimmy.ci-cd";
				PRODUCT_NAME = "$(TARGET_NAME)";
				SWIFT_EMIT_LOC_STRINGS = YES;
				SWIFT_VERSION = 5.0;
				TARGETED_DEVICE_FAMILY = "1,2";
			};
			name = Debug;
		};
		556F225D2B1DA9CC00E35992 /* Release */ = {
			isa = XCBuildConfiguration;
			buildSettings = {
				ASSETCATALOG_COMPILER_APPICON_NAME = AppIcon;
				ASSETCATALOG_COMPILER_GLOBAL_ACCENT_COLOR_NAME = AccentColor;
				CODE_SIGN_STYLE = Automatic;
				CURRENT_PROJECT_VERSION = 1;
				DEVELOPMENT_TEAM = VJ2VF4KUF7;
				GENERATE_INFOPLIST_FILE = YES;
				INFOPLIST_FILE = ci_cd/Info.plist;
				INFOPLIST_KEY_UIApplicationSupportsIndirectInputEvents = YES;
				INFOPLIST_KEY_UILaunchStoryboardName = LaunchScreen;
				INFOPLIST_KEY_UIMainStoryboardFile = Main;
				INFOPLIST_KEY_UISupportedInterfaceOrientations_iPad = "UIInterfaceOrientationPortrait UIInterfaceOrientationPortraitUpsideDown UIInterfaceOrientationLandscapeLeft UIInterfaceOrientationLandscapeRight";
				INFOPLIST_KEY_UISupportedInterfaceOrientations_iPhone = "UIInterfaceOrientationPortrait UIInterfaceOrientationLandscapeLeft UIInterfaceOrientationLandscapeRight";
				IPHONEOS_DEPLOYMENT_TARGET = 15.0;
				LD_RUNPATH_SEARCH_PATHS = (
					"$(inherited)",
					"@executable_path/Frameworks",
				);
				MARKETING_VERSION = 1.0;
				PRODUCT_BUNDLE_IDENTIFIER = "com.Jimmy.ci-cd";
				PRODUCT_NAME = "$(TARGET_NAME)";
				SWIFT_EMIT_LOC_STRINGS = YES;
				SWIFT_VERSION = 5.0;
				TARGETED_DEVICE_FAMILY = "1,2";
			};
			name = Release;
		};
		556F226B2B1DAF0000E35992 /* Debug */ = {
			isa = XCBuildConfiguration;
			buildSettings = {
				BUNDLE_LOADER = "$(TEST_HOST)";
				CODE_SIGN_STYLE = Automatic;
				CURRENT_PROJECT_VERSION = 1;
				DEVELOPMENT_TEAM = VJ2VF4KUF7;
				GENERATE_INFOPLIST_FILE = YES;
				IPHONEOS_DEPLOYMENT_TARGET = 15.0;
				MARKETING_VERSION = 1.0;
				PRODUCT_BUNDLE_IDENTIFIER = "com.Jimmy.ci-cdTests";
				PRODUCT_NAME = "$(TARGET_NAME)";
				SWIFT_EMIT_LOC_STRINGS = NO;
				SWIFT_VERSION = 5.0;
				TARGETED_DEVICE_FAMILY = "1,2";
				TEST_HOST = "$(BUILT_PRODUCTS_DIR)/ci_cd.app/$(BUNDLE_EXECUTABLE_FOLDER_PATH)/ci_cd";
			};
			name = Debug;
		};
		556F226C2B1DAF0000E35992 /* Release */ = {
			isa = XCBuildConfiguration;
			buildSettings = {
				BUNDLE_LOADER = "$(TEST_HOST)";
				CODE_SIGN_STYLE = Automatic;
				CURRENT_PROJECT_VERSION = 1;
				DEVELOPMENT_TEAM = VJ2VF4KUF7;
				GENERATE_INFOPLIST_FILE = YES;
				IPHONEOS_DEPLOYMENT_TARGET = 15.0;
				MARKETING_VERSION = 1.0;
				PRODUCT_BUNDLE_IDENTIFIER = "com.Jimmy.ci-cdTests";
				PRODUCT_NAME = "$(TARGET_NAME)";
				SWIFT_EMIT_LOC_STRINGS = NO;
				SWIFT_VERSION = 5.0;
				TARGETED_DEVICE_FAMILY = "1,2";
				TEST_HOST = "$(BUILT_PRODUCTS_DIR)/ci_cd.app/$(BUNDLE_EXECUTABLE_FOLDER_PATH)/ci_cd";
			};
			name = Release;
		};
/* End XCBuildConfiguration section */

/* Begin XCConfigurationList section */
		556F22422B1DA9CB00E35992 /* Build configuration list for PBXProject "ci_cd" */ = {
			isa = XCConfigurationList;
			buildConfigurations = (
				556F22592B1DA9CC00E35992 /* Debug */,
				556F225A2B1DA9CC00E35992 /* Release */,
			);
			defaultConfigurationIsVisible = 0;
			defaultConfigurationName = Release;
		};
		556F225B2B1DA9CC00E35992 /* Build configuration list for PBXNativeTarget "ci_cd" */ = {
			isa = XCConfigurationList;
			buildConfigurations = (
				556F225C2B1DA9CC00E35992 /* Debug */,
				556F225D2B1DA9CC00E35992 /* Release */,
			);
			defaultConfigurationIsVisible = 0;
			defaultConfigurationName = Release;
		};
		556F226A2B1DAF0000E35992 /* Build configuration list for PBXNativeTarget "ci_cdTests" */ = {
			isa = XCConfigurationList;
			buildConfigurations = (
				556F226B2B1DAF0000E35992 /* Debug */,
				556F226C2B1DAF0000E35992 /* Release */,
			);
			defaultConfigurationIsVisible = 0;
			defaultConfigurationName = Release;
		};
/* End XCConfigurationList section */
	};
	rootObject = 556F223F2B1DA9CB00E35992 /* Project object */;
}
